
Microsoft Visual Studio Solution File, Format Version 12.00
# Visual Studio Version 17
VisualStudioVersion = 17.9.34728.123
MinimumVisualStudioVersion = 10.0.40219.1
Project("{FAE04EC0-301F-11D3-BF4B-00C04F79EFBC}") = "WebAzureDevops", "WebAzureDevops\WebAzureDevops.csproj", "{24D976F1-47F7-4E2C-B87E-FC110EE1CAB4}"
EndProject
Global
	GlobalSection(SolutionConfigurationPlatforms) = preSolution
		Debug|Any CPU = Debug|Any CPU
		Release|Any CPU = Release|Any CPU
	EndGlobalSection
	GlobalSection(ProjectConfigurationPlatforms) = postSolution
		{24D976F1-47F7-4E2C-B87E-FC110EE1CAB4}.Debug|Any CPU.ActiveCfg = Debug|Any CPU
		{24D976F1-47F7-4E2C-B87E-FC110EE1CAB4}.Debug|Any CPU.Build.0 = Debug|Any CPU
		{24D976F1-47F7-4E2C-B87E-FC110EE1CAB4}.Release|Any CPU.ActiveCfg = Release|Any CPU
		{24D976F1-47F7-4E2C-B87E-FC110EE1CAB4}.Release|Any CPU.Build.0 = Release|Any CPU
	EndGlobalSection
	GlobalSection(SolutionProperties) = preSolution
		HideSolutionNode = FALSE
	EndGlobalSection
	GlobalSection(ExtensibilityGlobals) = postSolution
		SolutionGuid = {68239C5A-FC69-4936-B2A6-F0B50BFB35AC}
	EndGlobalSection
EndGlobal
